
Microsoft Visual Studio Solution File, Format Version 12.00
# Visual Studio 15
VisualStudioVersion = 15.0.28307.1169
MinimumVisualStudioVersion = 10.0.40219.1
Project("{FAE04EC0-301F-11D3-BF4B-00C04F79EFBC}") = "DragAndDropGame", "DragAndDropGame\DragAndDropGame.csproj", "{E99E2CFD-289D-4677-8085-2BEAF9E10611}"
EndProject
Global
	GlobalSection(SolutionConfigurationPlatforms) = preSolution
		Debug|Any CPU = Debug|Any CPU
		Release|Any CPU = Release|Any CPU
	EndGlobalSection
	GlobalSection(ProjectConfigurationPlatforms) = postSolution
		{E99E2CFD-289D-4677-8085-2BEAF9E10611}.Debug|Any CPU.ActiveCfg = Debug|Any CPU
		{E99E2CFD-289D-4677-8085-2BEAF9E10611}.Debug|Any CPU.Build.0 = Debug|Any CPU
		{E99E2CFD-289D-4677-8085-2BEAF9E10611}.Release|Any CPU.ActiveCfg = Release|Any CPU
		{E99E2CFD-289D-4677-8085-2BEAF9E10611}.Release|Any CPU.Build.0 = Release|Any CPU
	EndGlobalSection
	GlobalSection(SolutionProperties) = preSolution
		HideSolutionNode = FALSE
	EndGlobalSection
	GlobalSection(ExtensibilityGlobals) = postSolution
		SolutionGuid = {44A62B6E-F40F-4B3A-AB45-AF864EB7F378}
	EndGlobalSection
EndGlobal
